Microsoft Visual Studio Solution File, Format Version 12.00
# Visual Studio 16
Project("{2150E333-8FDC-42A3-9474-1A3956D46DE8}") = "CMakePredefinedTargets", "CMakePredefinedTargets", "{09F124F1-ED4F-3BFD-9E5C-2D557E99A212}"
EndProject
Project("{2150E333-8FDC-42A3-9474-1A3956D46DE8}") = "GLFW3", "GLFW3", "{07972985-F7C1-3E4E-AA9E-42DA4477D6F7}"
EndProject
Project("{8BC9CEB8-8B4A-11D0-8D11-00A0C91BC942}") = "ALL_BUILD", "ALL_BUILD.vcxproj", "{92D3DF73-B27C-33F4-90C0-3B1B0637444A}"
	ProjectSection(ProjectDependencies) = postProject
		{D7573CB1-A118-3F31-A0B4-168CE3F3CA5C} = {D7573CB1-A118-3F31-A0B4-168CE3F3CA5C}
		{9AB75CD3-03E8-3A49-ACBF-46BDEEEB0D3B} = {9AB75CD3-03E8-3A49-ACBF-46BDEEEB0D3B}
	EndProjectSection
EndProject
Project("{8BC9CEB8-8B4A-11D0-8D11-00A0C91BC942}") = "607_ScreenCapture_bin", "607_ScreenCapture_bin.vcxproj", "{D7573CB1-A118-3F31-A0B4-168CE3F3CA5C}"
	ProjectSection(ProjectDependencies) = postProject
		{9AB75CD3-03E8-3A49-ACBF-46BDEEEB0D3B} = {9AB75CD3-03E8-3A49-ACBF-46BDEEEB0D3B}
		{356805F1-6EFA-329F-80AE-D0A6F484F460} = {356805F1-6EFA-329F-80AE-D0A6F484F460}
		{83399B87-357A-3041-B56B-85AC1946491E} = {83399B87-357A-3041-B56B-85AC1946491E}
		{1ACAEF2A-8284-3C8F-BBE5-537E35006E6A} = {1ACAEF2A-8284-3C8F-BBE5-537E35006E6A}
		{CBE0782D-D1E9-3374-9238-672404C0CF3C} = {CBE0782D-D1E9-3374-9238-672404C0CF3C}
		{34775FB7-A5CB-3005-AC3A-D6C45947830A} = {34775FB7-A5CB-3005-AC3A-D6C45947830A}
		{855333D3-57FE-37B7-9638-8CF0F8EAD5A7} = {855333D3-57FE-37B7-9638-8CF0F8EAD5A7}
		{61F6B7A7-4A06-3080-A89C-BDFAA668C3AA} = {61F6B7A7-4A06-3080-A89C-BDFAA668C3AA}
	EndProjectSection
EndProject
Project("{8BC9CEB8-8B4A-11D0-8D11-00A0C91BC942}") = "INSTALL", "INSTALL.vcxproj", "{6A6EF6E1-1B0C-3888-AA7D-79BEFF97A9CA}"
	ProjectSection(ProjectDependencies) = postProject
		{92D3DF73-B27C-33F4-90C0-3B1B0637444A} = {92D3DF73-B27C-33F4-90C0-3B1B0637444A}
		{9AB75CD3-03E8-3A49-ACBF-46BDEEEB0D3B} = {9AB75CD3-03E8-3A49-ACBF-46BDEEEB0D3B}
	EndProjectSection
EndProject
Project("{8BC9CEB8-8B4A-11D0-8D11-00A0C91BC942}") = "PACKAGE", "PACKAGE.vcxproj", "{5AA8CBF5-22EE-3991-A1A3-5D015614C77A}"
	ProjectSection(ProjectDependencies) = postProject
		{92D3DF73-B27C-33F4-90C0-3B1B0637444A} = {92D3DF73-B27C-33F4-90C0-3B1B0637444A}
		{9AB75CD3-03E8-3A49-ACBF-46BDEEEB0D3B} = {9AB75CD3-03E8-3A49-ACBF-46BDEEEB0D3B}
	EndProjectSection
EndProject
Project("{8BC9CEB8-8B4A-11D0-8D11-00A0C91BC942}") = "RUN_TESTS", "RUN_TESTS.vcxproj", "{5F5C1F4A-0CC9-3D15-AD33-04ED9BF673CA}"
	ProjectSection(ProjectDependencies) = postProject
		{9AB75CD3-03E8-3A49-ACBF-46BDEEEB0D3B} = {9AB75CD3-03E8-3A49-ACBF-46BDEEEB0D3B}
	EndProjectSection
EndProject
Project("{8BC9CEB8-8B4A-11D0-8D11-00A0C91BC942}") = "ZERO_CHECK", "..\..\\ZERO_CHECK.vcxproj", "{9AB75CD3-03E8-3A49-ACBF-46BDEEEB0D3B}"
	ProjectSection(ProjectDependencies) = postProject
	EndProjectSection
EndProject
Project("{8BC9CEB8-8B4A-11D0-8D11-00A0C91BC942}") = "glad", "..\..\glad\glad.vcxproj", "{356805F1-6EFA-329F-80AE-D0A6F484F460}"
	ProjectSection(ProjectDependencies) = postProject
		{9AB75CD3-03E8-3A49-ACBF-46BDEEEB0D3B} = {9AB75CD3-03E8-3A49-ACBF-46BDEEEB0D3B}
	EndProjectSection
EndProject
Project("{8BC9CEB8-8B4A-11D0-8D11-00A0C91BC942}") = "glfw", "..\..\glfw\src\glfw.vcxproj", "{83399B87-357A-3041-B56B-85AC1946491E}"
	ProjectSection(ProjectDependencies) = postProject
		{9AB75CD3-03E8-3A49-ACBF-46BDEEEB0D3B} = {9AB75CD3-03E8-3A49-ACBF-46BDEEEB0D3B}
	EndProjectSection
EndProject
Project("{8BC9CEB8-8B4A-11D0-8D11-00A0C91BC942}") = "igl", "..\..\\igl.vcxproj", "{1ACAEF2A-8284-3C8F-BBE5-537E35006E6A}"
	ProjectSection(ProjectDependencies) = postProject
		{9AB75CD3-03E8-3A49-ACBF-46BDEEEB0D3B} = {9AB75CD3-03E8-3A49-ACBF-46BDEEEB0D3B}
	EndProjectSection
EndProject
Project("{8BC9CEB8-8B4A-11D0-8D11-00A0C91BC942}") = "igl_opengl", "..\..\\igl_opengl.vcxproj", "{CBE0782D-D1E9-3374-9238-672404C0CF3C}"
	ProjectSection(ProjectDependencies) = postProject
		{9AB75CD3-03E8-3A49-ACBF-46BDEEEB0D3B} = {9AB75CD3-03E8-3A49-ACBF-46BDEEEB0D3B}
		{356805F1-6EFA-329F-80AE-D0A6F484F460} = {356805F1-6EFA-329F-80AE-D0A6F484F460}
		{1ACAEF2A-8284-3C8F-BBE5-537E35006E6A} = {1ACAEF2A-8284-3C8F-BBE5-537E35006E6A}
	EndProjectSection
EndProject
Project("{8BC9CEB8-8B4A-11D0-8D11-00A0C91BC942}") = "igl_opengl_glfw", "..\..\\igl_opengl_glfw.vcxproj", "{34775FB7-A5CB-3005-AC3A-D6C45947830A}"
	ProjectSection(ProjectDependencies) = postProject
		{9AB75CD3-03E8-3A49-ACBF-46BDEEEB0D3B} = {9AB75CD3-03E8-3A49-ACBF-46BDEEEB0D3B}
		{356805F1-6EFA-329F-80AE-D0A6F484F460} = {356805F1-6EFA-329F-80AE-D0A6F484F460}
		{83399B87-357A-3041-B56B-85AC1946491E} = {83399B87-357A-3041-B56B-85AC1946491E}
		{1ACAEF2A-8284-3C8F-BBE5-537E35006E6A} = {1ACAEF2A-8284-3C8F-BBE5-537E35006E6A}
		{CBE0782D-D1E9-3374-9238-672404C0CF3C} = {CBE0782D-D1E9-3374-9238-672404C0CF3C}
	EndProjectSection
EndProject
Project("{8BC9CEB8-8B4A-11D0-8D11-00A0C91BC942}") = "igl_png", "..\..\\igl_png.vcxproj", "{855333D3-57FE-37B7-9638-8CF0F8EAD5A7}"
	ProjectSection(ProjectDependencies) = postProject
		{9AB75CD3-03E8-3A49-ACBF-46BDEEEB0D3B} = {9AB75CD3-03E8-3A49-ACBF-46BDEEEB0D3B}
		{356805F1-6EFA-329F-80AE-D0A6F484F460} = {356805F1-6EFA-329F-80AE-D0A6F484F460}
		{1ACAEF2A-8284-3C8F-BBE5-537E35006E6A} = {1ACAEF2A-8284-3C8F-BBE5-537E35006E6A}
		{CBE0782D-D1E9-3374-9238-672404C0CF3C} = {CBE0782D-D1E9-3374-9238-672404C0CF3C}
		{61F6B7A7-4A06-3080-A89C-BDFAA668C3AA} = {61F6B7A7-4A06-3080-A89C-BDFAA668C3AA}
	EndProjectSection
EndProject
Project("{8BC9CEB8-8B4A-11D0-8D11-00A0C91BC942}") = "igl_stb_image", "..\..\stb_image\igl_stb_image.vcxproj", "{61F6B7A7-4A06-3080-A89C-BDFAA668C3AA}"
	ProjectSection(ProjectDependencies) = postProject
		{9AB75CD3-03E8-3A49-ACBF-46BDEEEB0D3B} = {9AB75CD3-03E8-3A49-ACBF-46BDEEEB0D3B}
	EndProjectSection
EndProject
Global
	GlobalSection(SolutionConfigurationPlatforms) = preSolution
		Debug|x64 = Debug|x64
		Release|x64 = Release|x64
		RelWithDebInfo|x64 = RelWithDebInfo|x64
	EndGlobalSection
	GlobalSection(ProjectConfigurationPlatforms) = postSolution
		{92D3DF73-B27C-33F4-90C0-3B1B0637444A}.Debug|x64.ActiveCfg = Debug|x64
		{92D3DF73-B27C-33F4-90C0-3B1B0637444A}.Debug|x64.Build.0 = Debug|x64
		{92D3DF73-B27C-33F4-90C0-3B1B0637444A}.Release|x64.ActiveCfg = Release|x64
		{92D3DF73-B27C-33F4-90C0-3B1B0637444A}.Release|x64.Build.0 = Release|x64
		{92D3DF73-B27C-33F4-90C0-3B1B0637444A}.RelWithDebInfo|x64.ActiveCfg = RelWithDebInfo|x64
		{92D3DF73-B27C-33F4-90C0-3B1B0637444A}.RelWithDebInfo|x64.Build.0 = RelWithDebInfo|x64
		{D7573CB1-A118-3F31-A0B4-168CE3F3CA5C}.Debug|x64.ActiveCfg = Debug|x64
		{D7573CB1-A118-3F31-A0B4-168CE3F3CA5C}.Debug|x64.Build.0 = Debug|x64
		{D7573CB1-A118-3F31-A0B4-168CE3F3CA5C}.Release|x64.ActiveCfg = Release|x64
		{D7573CB1-A118-3F31-A0B4-168CE3F3CA5C}.Release|x64.Build.0 = Release|x64
		{D7573CB1-A118-3F31-A0B4-168CE3F3CA5C}.RelWithDebInfo|x64.ActiveCfg = RelWithDebInfo|x64
		{D7573CB1-A118-3F31-A0B4-168CE3F3CA5C}.RelWithDebInfo|x64.Build.0 = RelWithDebInfo|x64
		{6A6EF6E1-1B0C-3888-AA7D-79BEFF97A9CA}.Debug|x64.ActiveCfg = Debug|x64
		{6A6EF6E1-1B0C-3888-AA7D-79BEFF97A9CA}.Release|x64.ActiveCfg = Release|x64
		{6A6EF6E1-1B0C-3888-AA7D-79BEFF97A9CA}.RelWithDebInfo|x64.ActiveCfg = RelWithDebInfo|x64
		{5AA8CBF5-22EE-3991-A1A3-5D015614C77A}.Debug|x64.ActiveCfg = Debug|x64
		{5AA8CBF5-22EE-3991-A1A3-5D015614C77A}.Release|x64.ActiveCfg = Release|x64
		{5AA8CBF5-22EE-3991-A1A3-5D015614C77A}.RelWithDebInfo|x64.ActiveCfg = RelWithDebInfo|x64
		{5F5C1F4A-0CC9-3D15-AD33-04ED9BF673CA}.Debug|x64.ActiveCfg = Debug|x64
		{5F5C1F4A-0CC9-3D15-AD33-04ED9BF673CA}.Release|x64.ActiveCfg = Release|x64
		{5F5C1F4A-0CC9-3D15-AD33-04ED9BF673CA}.RelWithDebInfo|x64.ActiveCfg = RelWithDebInfo|x64
		{9AB75CD3-03E8-3A49-ACBF-46BDEEEB0D3B}.Debug|x64.ActiveCfg = Debug|x64
		{9AB75CD3-03E8-3A49-ACBF-46BDEEEB0D3B}.Debug|x64.Build.0 = Debug|x64
		{9AB75CD3-03E8-3A49-ACBF-46BDEEEB0D3B}.Release|x64.ActiveCfg = Release|x64
		{9AB75CD3-03E8-3A49-ACBF-46BDEEEB0D3B}.Release|x64.Build.0 = Release|x64
		{9AB75CD3-03E8-3A49-ACBF-46BDEEEB0D3B}.RelWithDebInfo|x64.ActiveCfg = RelWithDebInfo|x64
		{9AB75CD3-03E8-3A49-ACBF-46BDEEEB0D3B}.RelWithDebInfo|x64.Build.0 = RelWithDebInfo|x64
		{356805F1-6EFA-329F-80AE-D0A6F484F460}.Debug|x64.ActiveCfg = Debug|x64
		{356805F1-6EFA-329F-80AE-D0A6F484F460}.Debug|x64.Build.0 = Debug|x64
		{356805F1-6EFA-329F-80AE-D0A6F484F460}.Release|x64.ActiveCfg = Release|x64
		{356805F1-6EFA-329F-80AE-D0A6F484F460}.Release|x64.Build.0 = Release|x64
		{356805F1-6EFA-329F-80AE-D0A6F484F460}.RelWithDebInfo|x64.ActiveCfg = RelWithDebInfo|x64
		{356805F1-6EFA-329F-80AE-D0A6F484F460}.RelWithDebInfo|x64.Build.0 = RelWithDebInfo|x64
		{83399B87-357A-3041-B56B-85AC1946491E}.Debug|x64.ActiveCfg = Debug|x64
		{83399B87-357A-3041-B56B-85AC1946491E}.Debug|x64.Build.0 = Debug|x64
		{83399B87-357A-3041-B56B-85AC1946491E}.Release|x64.ActiveCfg = Release|x64
		{83399B87-357A-3041-B56B-85AC1946491E}.Release|x64.Build.0 = Release|x64
		{83399B87-357A-3041-B56B-85AC1946491E}.RelWithDebInfo|x64.ActiveCfg = RelWithDebInfo|x64
		{83399B87-357A-3041-B56B-85AC1946491E}.RelWithDebInfo|x64.Build.0 = RelWithDebInfo|x64
		{1ACAEF2A-8284-3C8F-BBE5-537E35006E6A}.Debug|x64.ActiveCfg = Debug|x64
		{1ACAEF2A-8284-3C8F-BBE5-537E35006E6A}.Debug|x64.Build.0 = Debug|x64
		{1ACAEF2A-8284-3C8F-BBE5-537E35006E6A}.Release|x64.ActiveCfg = Release|x64
		{1ACAEF2A-8284-3C8F-BBE5-537E35006E6A}.Release|x64.Build.0 = Release|x64
		{1ACAEF2A-8284-3C8F-BBE5-537E35006E6A}.RelWithDebInfo|x64.ActiveCfg = RelWithDebInfo|x64
		{1ACAEF2A-8284-3C8F-BBE5-537E35006E6A}.RelWithDebInfo|x64.Build.0 = RelWithDebInfo|x64
		{CBE0782D-D1E9-3374-9238-672404C0CF3C}.Debug|x64.ActiveCfg = Debug|x64
		{CBE0782D-D1E9-3374-9238-672404C0CF3C}.Debug|x64.Build.0 = Debug|x64
		{CBE0782D-D1E9-3374-9238-672404C0CF3C}.Release|x64.ActiveCfg = Release|x64
		{CBE0782D-D1E9-3374-9238-672404C0CF3C}.Release|x64.Build.0 = Release|x64
		{CBE0782D-D1E9-3374-9238-672404C0CF3C}.RelWithDebInfo|x64.ActiveCfg = RelWithDebInfo|x64
		{CBE0782D-D1E9-3374-9238-672404C0CF3C}.RelWithDebInfo|x64.Build.0 = RelWithDebInfo|x64
		{34775FB7-A5CB-3005-AC3A-D6C45947830A}.Debug|x64.ActiveCfg = Debug|x64
		{34775FB7-A5CB-3005-AC3A-D6C45947830A}.Debug|x64.Build.0 = Debug|x64
		{34775FB7-A5CB-3005-AC3A-D6C45947830A}.Release|x64.ActiveCfg = Release|x64
		{34775FB7-A5CB-3005-AC3A-D6C45947830A}.Release|x64.Build.0 = Release|x64
		{34775FB7-A5CB-3005-AC3A-D6C45947830A}.RelWithDebInfo|x64.ActiveCfg = RelWithDebInfo|x64
		{34775FB7-A5CB-3005-AC3A-D6C45947830A}.RelWithDebInfo|x64.Build.0 = RelWithDebInfo|x64
		{855333D3-57FE-37B7-9638-8CF0F8EAD5A7}.Debug|x64.ActiveCfg = Debug|x64
		{855333D3-57FE-37B7-9638-8CF0F8EAD5A7}.Debug|x64.Build.0 = Debug|x64
		{855333D3-57FE-37B7-9638-8CF0F8EAD5A7}.Release|x64.ActiveCfg = Release|x64
		{855333D3-57FE-37B7-9638-8CF0F8EAD5A7}.Release|x64.Build.0 = Release|x64
		{855333D3-57FE-37B7-9638-8CF0F8EAD5A7}.RelWithDebInfo|x64.ActiveCfg = RelWithDebInfo|x64
		{855333D3-57FE-37B7-9638-8CF0F8EAD5A7}.RelWithDebInfo|x64.Build.0 = RelWithDebInfo|x64
		{61F6B7A7-4A06-3080-A89C-BDFAA668C3AA}.Debug|x64.ActiveCfg = Debug|x64
		{61F6B7A7-4A06-3080-A89C-BDFAA668C3AA}.Debug|x64.Build.0 = Debug|x64
		{61F6B7A7-4A06-3080-A89C-BDFAA668C3AA}.Release|x64.ActiveCfg = Release|x64
		{61F6B7A7-4A06-3080-A89C-BDFAA668C3AA}.Release|x64.Build.0 = Release|x64
		{61F6B7A7-4A06-3080-A89C-BDFAA668C3AA}.RelWithDebInfo|x64.ActiveCfg = RelWithDebInfo|x64
		{61F6B7A7-4A06-3080-A89C-BDFAA668C3AA}.RelWithDebInfo|x64.Build.0 = RelWithDebInfo|x64
	EndGlobalSection
	GlobalSection(NestedProjects) = preSolution
		{92D3DF73-B27C-33F4-90C0-3B1B0637444A} = {09F124F1-ED4F-3BFD-9E5C-2D557E99A212}
		{6A6EF6E1-1B0C-3888-AA7D-79BEFF97A9CA} = {09F124F1-ED4F-3BFD-9E5C-2D557E99A212}
		{5AA8CBF5-22EE-3991-A1A3-5D015614C77A} = {09F124F1-ED4F-3BFD-9E5C-2D557E99A212}
		{5F5C1F4A-0CC9-3D15-AD33-04ED9BF673CA} = {09F124F1-ED4F-3BFD-9E5C-2D557E99A212}
		{9AB75CD3-03E8-3A49-ACBF-46BDEEEB0D3B} = {09F124F1-ED4F-3BFD-9E5C-2D557E99A212}
		{83399B87-357A-3041-B56B-85AC1946491E} = {07972985-F7C1-3E4E-AA9E-42DA4477D6F7}
	EndGlobalSection
	GlobalSection(ExtensibilityGlobals) = postSolution
		SolutionGuid = {35414BC0-A2D0-3E8E-88F2-7F46D90ABAD5}
	EndGlobalSection
	GlobalSection(ExtensibilityAddIns) = postSolution
	EndGlobalSection
EndGlobal
